// !$*UTF8*$!
{
	archiveVersion = 1;
	classes = {
	};
	objectVersion = 56;
	objects = {

/* Begin PBXBuildFile section */
		8F1E77F3298ED4B60051C62D /* main.c in Sources */ = {isa = PBXBuildFile; fileRef = 8F1E77F2298ED4B60051C62D /* main.c */; };
		8F1E77FB298ED4C90051C62D /* SDL2_ttf.framework in Frameworks */ = {isa = PBXBuildFile; fileRef = 8F1E77F5298ED4C80051C62D /* SDL2_ttf.framework */; };
		8F1E77FC298ED4C90051C62D /* SDL2_ttf.framework in Embed Frameworks */ = {isa = PBXBuildFile; fileRef = 8F1E77F5298ED4C80051C62D /* SDL2_ttf.framework */; settings = {ATTRIBUTES = (CodeSignOnCopy, RemoveHeadersOnCopy, ); }; };
		8F1E77FD298ED4C90051C62D /* SDL2_image.framework in Frameworks */ = {isa = PBXBuildFile; fileRef = 8F1E77F6298ED4C80051C62D /* SDL2_image.framework */; };
		8F1E77FE298ED4C90051C62D /* SDL2_image.framework in Embed Frameworks */ = {isa = PBXBuildFile; fileRef = 8F1E77F6298ED4C80051C62D /* SDL2_image.framework */; settings = {ATTRIBUTES = (CodeSignOnCopy, RemoveHeadersOnCopy, ); }; };
		8F1E77FF298ED4CA0051C62D /* SDL2.framework in Frameworks */ = {isa = PBXBuildFile; fileRef = 8F1E77F7298ED4C80051C62D /* SDL2.framework */; };
		8F1E7800298ED4CA0051C62D /* SDL2.framework in Embed Frameworks */ = {isa = PBXBuildFile; fileRef = 8F1E77F7298ED4C80051C62D /* SDL2.framework */; settings = {ATTRIBUTES = (CodeSignOnCopy, RemoveHeadersOnCopy, ); }; };
		8F1E7801298ED4CA0051C62D /* sdl2_gfx.framework in Frameworks */ = {isa = PBXBuildFile; fileRef = 8F1E77F8298ED4C80051C62D /* sdl2_gfx.framework */; };
		8F1E7802298ED4CB0051C62D /* sdl2_gfx.framework in Embed Frameworks */ = {isa = PBXBuildFile; fileRef = 8F1E77F8298ED4C80051C62D /* sdl2_gfx.framework */; settings = {ATTRIBUTES = (CodeSignOnCopy, RemoveHeadersOnCopy, ); }; };
		8F1E7803298ED4CB0051C62D /* SDL2_mixer.framework in Frameworks */ = {isa = PBXBuildFile; fileRef = 8F1E77F9298ED4C90051C62D /* SDL2_mixer.framework */; };
		8F1E7804298ED4CB0051C62D /* SDL2_mixer.framework in Embed Frameworks */ = {isa = PBXBuildFile; fileRef = 8F1E77F9298ED4C90051C62D /* SDL2_mixer.framework */; settings = {ATTRIBUTES = (CodeSignOnCopy, RemoveHeadersOnCopy, ); }; };
		8F1E7805298ED4CC0051C62D /* SDL2_net.framework in Frameworks */ = {isa = PBXBuildFile; fileRef = 8F1E77FA298ED4C90051C62D /* SDL2_net.framework */; };
		8F1E7806298ED4CC0051C62D /* SDL2_net.framework in Embed Frameworks */ = {isa = PBXBuildFile; fileRef = 8F1E77FA298ED4C90051C62D /* SDL2_net.framework */; settings = {ATTRIBUTES = (CodeSignOnCopy, RemoveHeadersOnCopy, ); }; };
		8F1E7809298F07D90051C62D /* tileset.png in Resources */ = {isa = PBXBuildFile; fileRef = 8F1E7808298F07D90051C62D /* tileset.png */; };
		8FEEA7702990FE690080A71F /* archer.jpg in Resources */ = {isa = PBXBuildFile; fileRef = 8FEEA76F2990FE690080A71F /* archer.jpg */; };
		8FEEA79E2992E22E0080A71F /* map_loader.framework in Frameworks */ = {isa = PBXBuildFile; fileRef = 8FEEA7962992D1800080A71F /* map_loader.framework */; };
		8FEEA79F2992E22E0080A71F /* map_loader.framework in Embed Frameworks */ = {isa = PBXBuildFile; fileRef = 8FEEA7962992D1800080A71F /* map_loader.framework */; settings = {ATTRIBUTES = (CodeSignOnCopy, RemoveHeadersOnCopy, ); }; };
/* End PBXBuildFile section */

/* Begin PBXCopyFilesBuildPhase section */
		8F1E7807298ED4CD0051C62D /* Embed Frameworks */ = {
			isa = PBXCopyFilesBuildPhase;
			buildActionMask = 2147483647;
			dstPath = "";
			dstSubfolderSpec = 10;
			files = (
				8F1E7800298ED4CA0051C62D /* SDL2.framework in Embed Frameworks */,
				8F1E7804298ED4CB0051C62D /* SDL2_mixer.framework in Embed Frameworks */,
				8F1E77FC298ED4C90051C62D /* SDL2_ttf.framework in Embed Frameworks */,
				8F1E77FE298ED4C90051C62D /* SDL2_image.framework in Embed Frameworks */,
				8FEEA79F2992E22E0080A71F /* map_loader.framework in Embed Frameworks */,
				8F1E7802298ED4CB0051C62D /* sdl2_gfx.framework in Embed Frameworks */,
				8F1E7806298ED4CC0051C62D /* SDL2_net.framework in Embed Frameworks */,
			);
			name = "Embed Frameworks";
			runOnlyForDeploymentPostprocessing = 0;
		};
/* End PBXCopyFilesBuildPhase section */

/* Begin PBXFileReference section */
		8F1E77DB298ED3DB0051C62D /* Infinity Stone.app */ = {isa = PBXFileReference; explicitFileType = wrapper.application; includeInIndex = 0; path = "Infinity Stone.app"; sourceTree = BUILT_PRODUCTS_DIR; };
		8F1E77EB298ED3DD0051C62D /* Infinity_Stone.entitlements */ = {isa = PBXFileReference; lastKnownFileType = text.plist.entitlements; path = Infinity_Stone.entitlements; sourceTree = "<group>"; };
		8F1E77F2298ED4B60051C62D /* main.c */ = {isa = PBXFileReference; lastKnownFileType = sourcecode.c.c; path = main.c; sourceTree = "<group>"; };
		8F1E77F5298ED4C80051C62D /* SDL2_ttf.framework */ = {isa = PBXFileReference; lastKnownFileType = wrapper.framework; name = SDL2_ttf.framework; path = ../../../../Library/Frameworks/SDL2_ttf.framework; sourceTree = "<group>"; };
		8F1E77F6298ED4C80051C62D /* SDL2_image.framework */ = {isa = PBXFileReference; lastKnownFileType = wrapper.framework; name = SDL2_image.framework; path = ../../../../Library/Frameworks/SDL2_image.framework; sourceTree = "<group>"; };
		8F1E77F7298ED4C80051C62D /* SDL2.framework */ = {isa = PBXFileReference; lastKnownFileType = wrapper.framework; name = SDL2.framework; path = ../../../../Library/Frameworks/SDL2.framework; sourceTree = "<group>"; };
		8F1E77F8298ED4C80051C62D /* sdl2_gfx.framework */ = {isa = PBXFileReference; lastKnownFileType = wrapper.framework; name = sdl2_gfx.framework; path = ../../../../Library/Frameworks/sdl2_gfx.framework; sourceTree = "<group>"; };
		8F1E77F9298ED4C90051C62D /* SDL2_mixer.framework */ = {isa = PBXFileReference; lastKnownFileType = wrapper.framework; name = SDL2_mixer.framework; path = ../../../../Library/Frameworks/SDL2_mixer.framework; sourceTree = "<group>"; };
		8F1E77FA298ED4C90051C62D /* SDL2_net.framework */ = {isa = PBXFileReference; lastKnownFileType = wrapper.framework; name = SDL2_net.framework; path = ../../../../Library/Frameworks/SDL2_net.framework; sourceTree = "<group>"; };
		8F1E7808298F07D90051C62D /* tileset.png */ = {isa = PBXFileReference; lastKnownFileType = image.png; name = tileset.png; path = ../../../Downloads/0x72_DungeonTilesetII_v1.3.1/tileset.png; sourceTree = "<group>"; };
		8F660BF1298FE47A008CC246 /* tmx.framework */ = {isa = PBXFileReference; lastKnownFileType = wrapper.framework; name = tmx.framework; path = ../../../../Library/Frameworks/tmx.framework; sourceTree = "<group>"; };
		8FEEA76F2990FE690080A71F /* archer.jpg */ = {isa = PBXFileReference; lastKnownFileType = image.jpeg; name = archer.jpg; path = ../../archer.jpg; sourceTree = "<group>"; };
		8FEEA7712990FFD20080A71F /* main.h */ = {isa = PBXFileReference; lastKnownFileType = sourcecode.c.h; path = main.h; sourceTree = "<group>"; };
		8FEEA7962992D1800080A71F /* map_loader.framework */ = {isa = PBXFileReference; lastKnownFileType = wrapper.framework; name = map_loader.framework; path = ../../../../Library/Frameworks/map_loader.framework; sourceTree = "<group>"; };
		8FEEA7A029A1C51A0080A71F /* todo.md */ = {isa = PBXFileReference; lastKnownFileType = net.daringfireball.markdown; path = todo.md; sourceTree = "<group>"; };
/* End PBXFileReference section */

/* Begin PBXFrameworksBuildPhase section */
		8F1E77D8298ED3DB0051C62D /* Frameworks */ = {
			isa = PBXFrameworksBuildPhase;
			buildActionMask = 2147483647;
			files = (
				8F1E77FF298ED4CA0051C62D /* SDL2.framework in Frameworks */,
				8F1E7803298ED4CB0051C62D /* SDL2_mixer.framework in Frameworks */,
				8F1E77FB298ED4C90051C62D /* SDL2_ttf.framework in Frameworks */,
				8F1E77FD298ED4C90051C62D /* SDL2_image.framework in Frameworks */,
				8FEEA79E2992E22E0080A71F /* map_loader.framework in Frameworks */,
				8F1E7801298ED4CA0051C62D /* sdl2_gfx.framework in Frameworks */,
				8F1E7805298ED4CC0051C62D /* SDL2_net.framework in Frameworks */,
			);
			runOnlyForDeploymentPostprocessing = 0;
		};
/* End PBXFrameworksBuildPhase section */

/* Begin PBXGroup section */
		8F1E77D2298ED3DB0051C62D = {
			isa = PBXGroup;
			children = (
				8F1E77DD298ED3DB0051C62D /* Infinity Stone */,
				8F1E77DC298ED3DB0051C62D /* Products */,
				8F1E77F4298ED4C80051C62D /* Frameworks */,
			);
			sourceTree = "<group>";
		};
		8F1E77DC298ED3DB0051C62D /* Products */ = {
			isa = PBXGroup;
			children = (
				8F1E77DB298ED3DB0051C62D /* Infinity Stone.app */,
			);
			name = Products;
			sourceTree = "<group>";
		};
		8F1E77DD298ED3DB0051C62D /* Infinity Stone */ = {
			isa = PBXGroup;
			children = (
				8F1E77EB298ED3DD0051C62D /* Infinity_Stone.entitlements */,
				8F1E7808298F07D90051C62D /* tileset.png */,
				8FEEA76F2990FE690080A71F /* archer.jpg */,
				8F1E77F2298ED4B60051C62D /* main.c */,
				8FEEA7712990FFD20080A71F /* main.h */,
				8FEEA7A029A1C51A0080A71F /* todo.md */,
			);
			path = "Infinity Stone";
			sourceTree = "<group>";
		};
		8F1E77F4298ED4C80051C62D /* Frameworks */ = {
			isa = PBXGroup;
			children = (
				8FEEA7962992D1800080A71F /* map_loader.framework */,
				8F660BF1298FE47A008CC246 /* tmx.framework */,
				8F1E77F8298ED4C80051C62D /* sdl2_gfx.framework */,
				8F1E77F6298ED4C80051C62D /* SDL2_image.framework */,
				8F1E77F9298ED4C90051C62D /* SDL2_mixer.framework */,
				8F1E77FA298ED4C90051C62D /* SDL2_net.framework */,
				8F1E77F5298ED4C80051C62D /* SDL2_ttf.framework */,
				8F1E77F7298ED4C80051C62D /* SDL2.framework */,
			);
			name = Frameworks;
			sourceTree = "<group>";
		};
/* End PBXGroup section */

/* Begin PBXNativeTarget section */
		8F1E77DA298ED3DB0051C62D /* Infinity Stone */ = {
			isa = PBXNativeTarget;
			buildConfigurationList = 8F1E77EE298ED3DD0051C62D /* Build configuration list for PBXNativeTarget "Infinity Stone" */;
			buildPhases = (
				8F1E77D7298ED3DB0051C62D /* Sources */,
				8F1E77D8298ED3DB0051C62D /* Frameworks */,
				8F1E77D9298ED3DB0051C62D /* Resources */,
				8F1E7807298ED4CD0051C62D /* Embed Frameworks */,
			);
			buildRules = (
			);
			dependencies = (
			);
			name = "Infinity Stone";
			productName = "Infinity Stone";
			productReference = 8F1E77DB298ED3DB0051C62D /* Infinity Stone.app */;
			productType = "com.apple.product-type.application";
		};
/* End PBXNativeTarget section */

/* Begin PBXProject section */
		8F1E77D3298ED3DB0051C62D /* Project object */ = {
			isa = PBXProject;
			attributes = {
				BuildIndependentTargetsInParallel = 1;
				LastUpgradeCheck = 1420;
				TargetAttributes = {
					8F1E77DA298ED3DB0051C62D = {
						CreatedOnToolsVersion = 14.2;
					};
				};
			};
			buildConfigurationList = 8F1E77D6298ED3DB0051C62D /* Build configuration list for PBXProject "Infinity Stone" */;
			compatibilityVersion = "Xcode 14.0";
			developmentRegion = en;
			hasScannedForEncodings = 0;
			knownRegions = (
				en,
				Base,
			);
			mainGroup = 8F1E77D2298ED3DB0051C62D;
			productRefGroup = 8F1E77DC298ED3DB0051C62D /* Products */;
			projectDirPath = "";
			projectRoot = "";
			targets = (
				8F1E77DA298ED3DB0051C62D /* Infinity Stone */,
			);
		};
/* End PBXProject section */

/* Begin PBXResourcesBuildPhase section */
		8F1E77D9298ED3DB0051C62D /* Resources */ = {
			isa = PBXResourcesBuildPhase;
			buildActionMask = 2147483647;
			files = (
				8FEEA7702990FE690080A71F /* archer.jpg in Resources */,
				8F1E7809298F07D90051C62D /* tileset.png in Resources */,
			);
			runOnlyForDeploymentPostprocessing = 0;
		};
/* End PBXResourcesBuildPhase section */

/* Begin PBXSourcesBuildPhase section */
		8F1E77D7298ED3DB0051C62D /* Sources */ = {
			isa = PBXSourcesBuildPhase;
			buildActionMask = 2147483647;
			files = (
				8F1E77F3298ED4B60051C62D /* main.c in Sources */,
			);
			runOnlyForDeploymentPostprocessing = 0;
		};
/* End PBXSourcesBuildPhase section */

/* Begin XCBuildConfiguration section */
		8F1E77EC298ED3DD0051C62D /* Debug */ = {
			isa = XCBuildConfiguration;
			buildSettings = {
				ALWAYS_SEARCH_USER_PATHS = NO;
				CLANG_ANALYZER_NONNULL = YES;
				CLANG_ANALYZER_NUMBER_OBJECT_CONVERSION = YES_AGGRESSIVE;
				CLANG_CXX_LANGUAGE_STANDARD = "gnu++20";
				CLANG_ENABLE_MODULES = YES;
				CLANG_ENABLE_OBJC_ARC = YES;
				CLANG_ENABLE_OBJC_WEAK = YES;
				CLANG_WARN_BLOCK_CAPTURE_AUTORELEASING = YES;
				CLANG_WARN_BOOL_CONVERSION = YES;
				CLANG_WARN_COMMA = YES;
				CLANG_WARN_CONSTANT_CONVERSION = YES;
				CLANG_WARN_DEPRECATED_OBJC_IMPLEMENTATIONS = YES;
				CLANG_WARN_DIRECT_OBJC_ISA_USAGE = YES_ERROR;
				CLANG_WARN_DOCUMENTATION_COMMENTS = YES;
				CLANG_WARN_EMPTY_BODY = YES;
				CLANG_WARN_ENUM_CONVERSION = YES;
				CLANG_WARN_INFINITE_RECURSION = YES;
				CLANG_WARN_INT_CONVERSION = YES;
				CLANG_WARN_NON_LITERAL_NULL_CONVERSION = YES;
				CLANG_WARN_OBJC_IMPLICIT_RETAIN_SELF = YES;
				CLANG_WARN_OBJC_LITERAL_CONVERSION = YES;
				CLANG_WARN_OBJC_ROOT_CLASS = YES_ERROR;
				CLANG_WARN_QUOTED_INCLUDE_IN_FRAMEWORK_HEADER = YES;
				CLANG_WARN_RANGE_LOOP_ANALYSIS = YES;
				CLANG_WARN_STRICT_PROTOTYPES = YES;
				CLANG_WARN_SUSPICIOUS_MOVE = YES;
				CLANG_WARN_UNGUARDED_AVAILABILITY = YES_AGGRESSIVE;
				CLANG_WARN_UNREACHABLE_CODE = YES;
				CLANG_WARN__DUPLICATE_METHOD_MATCH = YES;
				COPY_PHASE_STRIP = NO;
				DEBUG_INFORMATION_FORMAT = dwarf;
				ENABLE_STRICT_OBJC_MSGSEND = YES;
				ENABLE_TESTABILITY = YES;
				GCC_C_LANGUAGE_STANDARD = gnu11;
				GCC_DYNAMIC_NO_PIC = NO;
				GCC_NO_COMMON_BLOCKS = YES;
				GCC_OPTIMIZATION_LEVEL = 3;
				GCC_PREPROCESSOR_DEFINITIONS = (
					"DEBUG=1",
					"$(inherited)",
				);
				GCC_WARN_64_TO_32_BIT_CONVERSION = YES;
				GCC_WARN_ABOUT_RETURN_TYPE = YES_ERROR;
				GCC_WARN_UNDECLARED_SELECTOR = YES;
				GCC_WARN_UNINITIALIZED_AUTOS = YES_AGGRESSIVE;
				GCC_WARN_UNUSED_FUNCTION = YES;
				GCC_WARN_UNUSED_VARIABLE = YES;
				MACOSX_DEPLOYMENT_TARGET = 13.0;
				MTL_ENABLE_DEBUG_INFO = INCLUDE_SOURCE;
				MTL_FAST_MATH = YES;
				ONLY_ACTIVE_ARCH = YES;
				SDKROOT = macosx;
			};
			name = Debug;
		};
		8F1E77ED298ED3DD0051C62D /* Release */ = {
			isa = XCBuildConfiguration;
			buildSettings = {
				ALWAYS_SEARCH_USER_PATHS = NO;
				CLANG_ANALYZER_NONNULL = YES;
				CLANG_ANALYZER_NUMBER_OBJECT_CONVERSION = YES_AGGRESSIVE;
				CLANG_CXX_LANGUAGE_STANDARD = "gnu++20";
				CLANG_ENABLE_MODULES = YES;
				CLANG_ENABLE_OBJC_ARC = YES;
				CLANG_ENABLE_OBJC_WEAK = YES;
				CLANG_WARN_BLOCK_CAPTURE_AUTORELEASING = YES;
				CLANG_WARN_BOOL_CONVERSION = YES;
				CLANG_WARN_COMMA = YES;
				CLANG_WARN_CONSTANT_CONVERSION = YES;
				CLANG_WARN_DEPRECATED_OBJC_IMPLEMENTATIONS = YES;
				CLANG_WARN_DIRECT_OBJC_ISA_USAGE = YES_ERROR;
				CLANG_WARN_DOCUMENTATION_COMMENTS = YES;
				CLANG_WARN_EMPTY_BODY = YES;
				CLANG_WARN_ENUM_CONVERSION = YES;
				CLANG_WARN_INFINITE_RECURSION = YES;
				CLANG_WARN_INT_CONVERSION = YES;
				CLANG_WARN_NON_LITERAL_NULL_CONVERSION = YES;
				CLANG_WARN_OBJC_IMPLICIT_RETAIN_SELF = YES;
				CLANG_WARN_OBJC_LITERAL_CONVERSION = YES;
				CLANG_WARN_OBJC_ROOT_CLASS = YES_ERROR;
				CLANG_WARN_QUOTED_INCLUDE_IN_FRAMEWORK_HEADER = YES;
				CLANG_WARN_RANGE_LOOP_ANALYSIS = YES;
				CLANG_WARN_STRICT_PROTOTYPES = YES;
				CLANG_WARN_SUSPICIOUS_MOVE = YES;
				CLANG_WARN_UNGUARDED_AVAILABILITY = YES_AGGRESSIVE;
				CLANG_WARN_UNREACHABLE_CODE = YES;
				CLANG_WARN__DUPLICATE_METHOD_MATCH = YES;
				COPY_PHASE_STRIP = NO;
				DEBUG_INFORMATION_FORMAT = "dwarf-with-dsym";
				ENABLE_NS_ASSERTIONS = NO;
				ENABLE_STRICT_OBJC_MSGSEND = YES;
				GCC_C_LANGUAGE_STANDARD = gnu11;
				GCC_NO_COMMON_BLOCKS = YES;
				GCC_WARN_64_TO_32_BIT_CONVERSION = YES;
				GCC_WARN_ABOUT_RETURN_TYPE = YES_ERROR;
				GCC_WARN_UNDECLARED_SELECTOR = YES;
				GCC_WARN_UNINITIALIZED_AUTOS = YES_AGGRESSIVE;
				GCC_WARN_UNUSED_FUNCTION = YES;
				GCC_WARN_UNUSED_VARIABLE = YES;
				MACOSX_DEPLOYMENT_TARGET = 13.0;
				MTL_ENABLE_DEBUG_INFO = NO;
				MTL_FAST_MATH = YES;
				SDKROOT = macosx;
			};
			name = Release;
		};
		8F1E77EF298ED3DD0051C62D /* Debug */ = {
			isa = XCBuildConfiguration;
			buildSettings = {
				ASSETCATALOG_COMPILER_APPICON_NAME = AppIcon;
				ASSETCATALOG_COMPILER_GLOBAL_ACCENT_COLOR_NAME = AccentColor;
				CODE_SIGN_ENTITLEMENTS = "Infinity Stone/Infinity_Stone.entitlements";
				CODE_SIGN_STYLE = Automatic;
				COMBINE_HIDPI_IMAGES = YES;
				CURRENT_PROJECT_VERSION = 1;
				DEVELOPMENT_TEAM = 42V3NSBR6A;
				ENABLE_HARDENED_RUNTIME = YES;
				FRAMEWORK_SEARCH_PATHS = (
					"$(inherited)",
					"$(LOCAL_LIBRARY_DIR)/Frameworks",
				);
				GENERATE_INFOPLIST_FILE = YES;
				INFOPLIST_KEY_NSHumanReadableCopyright = "";
				INFOPLIST_KEY_NSMainStoryboardFile = Main;
				INFOPLIST_KEY_NSPrincipalClass = NSApplication;
				LD_RUNPATH_SEARCH_PATHS = (
					"$(inherited)",
					"@executable_path/../Frameworks",
				);
				MARKETING_VERSION = 1.0;
				PRODUCT_BUNDLE_IDENTIFIER = "sdl.hedi.Infinity-Stone";
				PRODUCT_NAME = "$(TARGET_NAME)";
				SWIFT_EMIT_LOC_STRINGS = YES;
			};
			name = Debug;
		};
		8F1E77F0298ED3DD0051C62D /* Release */ = {
			isa = XCBuildConfiguration;
			buildSettings = {
				ASSETCATALOG_COMPILER_APPICON_NAME = AppIcon;
				ASSETCATALOG_COMPILER_GLOBAL_ACCENT_COLOR_NAME = AccentColor;
				CODE_SIGN_ENTITLEMENTS = "Infinity Stone/Infinity_Stone.entitlements";
				CODE_SIGN_STYLE = Automatic;
				COMBINE_HIDPI_IMAGES = YES;
				CURRENT_PROJECT_VERSION = 1;
				DEVELOPMENT_TEAM = 42V3NSBR6A;
				ENABLE_HARDENED_RUNTIME = YES;
				FRAMEWORK_SEARCH_PATHS = (
					"$(inherited)",
					"$(LOCAL_LIBRARY_DIR)/Frameworks",
				);
				"GCC_PREPROCESSOR_DEFINITIONS[arch=*]" = "";
				GENERATE_INFOPLIST_FILE = YES;
				INFOPLIST_KEY_NSHumanReadableCopyright = "";
				INFOPLIST_KEY_NSMainStoryboardFile = Main;
				INFOPLIST_KEY_NSPrincipalClass = NSApplication;
				LD_RUNPATH_SEARCH_PATHS = (
					"$(inherited)",
					"@executable_path/../Frameworks",
				);
				MARKETING_VERSION = 1.0;
				PRODUCT_BUNDLE_IDENTIFIER = "sdl.hedi.Infinity-Stone";
				PRODUCT_NAME = "$(TARGET_NAME)";
				SWIFT_EMIT_LOC_STRINGS = YES;
			};
			name = Release;
		};
/* End XCBuildConfiguration section */

/* Begin XCConfigurationList section */
		8F1E77D6298ED3DB0051C62D /* Build configuration list for PBXProject "Infinity Stone" */ = {
			isa = XCConfigurationList;
			buildConfigurations = (
				8F1E77EC298ED3DD0051C62D /* Debug */,
				8F1E77ED298ED3DD0051C62D /* Release */,
			);
			defaultConfigurationIsVisible = 0;
			defaultConfigurationName = Release;
		};
		8F1E77EE298ED3DD0051C62D /* Build configuration list for PBXNativeTarget "Infinity Stone" */ = {
			isa = XCConfigurationList;
			buildConfigurations = (
				8F1E77EF298ED3DD0051C62D /* Debug */,
				8F1E77F0298ED3DD0051C62D /* Release */,
			);
			defaultConfigurationIsVisible = 0;
			defaultConfigurationName = Release;
		};
/* End XCConfigurationList section */
	};
	rootObject = 8F1E77D3298ED3DB0051C62D /* Project object */;
}
